// !$*UTF8*$!
{
	archiveVersion = 1;
	classes = {
	};
	objectVersion = 56;
	objects = {

/* Begin PBXBuildFile section */
		A72064172A2B9ECE00F10750 /* ToDoListAppApp.swift in Sources */ = {isa = PBXBuildFile; fileRef = A72064162A2B9ECE00F10750 /* ToDoListAppApp.swift */; };
		A72064192A2B9ECE00F10750 /* MainView.swift in Sources */ = {isa = PBXBuildFile; fileRef = A72064182A2B9ECE00F10750 /* MainView.swift */; };
		A720641B2A2B9ED000F10750 /* Assets.xcassets in Resources */ = {isa = PBXBuildFile; fileRef = A720641A2A2B9ED000F10750 /* Assets.xcassets */; };
		A720641E2A2B9ED000F10750 /* Preview Assets.xcassets in Resources */ = {isa = PBXBuildFile; fileRef = A720641D2A2B9ED000F10750 /* Preview Assets.xcassets */; };
		A72064252A2BAA7300F10750 /* GoogleService-Info.plist in Resources */ = {isa = PBXBuildFile; fileRef = A72064242A2BAA7300F10750 /* GoogleService-Info.plist */; };
		A780D5D42A2BAE0A002BA243 /* FirebaseAuth in Frameworks */ = {isa = PBXBuildFile; productRef = A780D5D32A2BAE0A002BA243 /* FirebaseAuth */; };
		A780D5D62A2BAE0A002BA243 /* FirebaseFirestore in Frameworks */ = {isa = PBXBuildFile; productRef = A780D5D52A2BAE0A002BA243 /* FirebaseFirestore */; };
		A780D5D82A2BAE0A002BA243 /* FirebaseFirestoreSwift in Frameworks */ = {isa = PBXBuildFile; productRef = A780D5D72A2BAE0A002BA243 /* FirebaseFirestoreSwift */; };
		A780D5DE2A2BB5BC002BA243 /* ProfileView.swift in Sources */ = {isa = PBXBuildFile; fileRef = A780D5DD2A2BB5BC002BA243 /* ProfileView.swift */; };
		A780D5E02A2BB5DE002BA243 /* ToDoListitemView.swift in Sources */ = {isa = PBXBuildFile; fileRef = A780D5DF2A2BB5DE002BA243 /* ToDoListitemView.swift */; };
		A780D5E22A2BB5FE002BA243 /* NewItemView.swift in Sources */ = {isa = PBXBuildFile; fileRef = A780D5E12A2BB5FE002BA243 /* NewItemView.swift */; };
		A780D5E42A2BB61C002BA243 /* LoginView.swift in Sources */ = {isa = PBXBuildFile; fileRef = A780D5E32A2BB61C002BA243 /* LoginView.swift */; };
		A780D5E62A2BB62C002BA243 /* RegisterView.swift in Sources */ = {isa = PBXBuildFile; fileRef = A780D5E52A2BB62C002BA243 /* RegisterView.swift */; };
		A780D5E82A2BB6A7002BA243 /* ToDoListView.swift in Sources */ = {isa = PBXBuildFile; fileRef = A780D5E72A2BB6A7002BA243 /* ToDoListView.swift */; };
		A780D5EA2A2BB704002BA243 /* User.swift in Sources */ = {isa = PBXBuildFile; fileRef = A780D5E92A2BB704002BA243 /* User.swift */; };
		A780D5EC2A2BB71E002BA243 /* ToDoListItem.swift in Sources */ = {isa = PBXBuildFile; fileRef = A780D5EB2A2BB71E002BA243 /* ToDoListItem.swift */; };
		A780D5EE2A2BB773002BA243 /* MainViewViewModel.swift in Sources */ = {isa = PBXBuildFile; fileRef = A780D5ED2A2BB773002BA243 /* MainViewViewModel.swift */; };
		A780D5F02A2BB799002BA243 /* ProfileViewViewModel.swift in Sources */ = {isa = PBXBuildFile; fileRef = A780D5EF2A2BB799002BA243 /* ProfileViewViewModel.swift */; };
		A780D5F22A2BB808002BA243 /* ToDoListViewViewModel.swift in Sources */ = {isa = PBXBuildFile; fileRef = A780D5F12A2BB808002BA243 /* ToDoListViewViewModel.swift */; };
		A780D5F42A2BB843002BA243 /* NewItemViewViewModel.swift in Sources */ = {isa = PBXBuildFile; fileRef = A780D5F32A2BB843002BA243 /* NewItemViewViewModel.swift */; };
		A780D5F62A2BB855002BA243 /* LoginViewViewModel.swift in Sources */ = {isa = PBXBuildFile; fileRef = A780D5F52A2BB855002BA243 /* LoginViewViewModel.swift */; };
		A780D5F82A2BB87E002BA243 /* RegisterViewViewModel.swift in Sources */ = {isa = PBXBuildFile; fileRef = A780D5F72A2BB87E002BA243 /* RegisterViewViewModel.swift */; };
		A780D5FA2A2BB8B3002BA243 /* ToDoListitemViewViewModel.swift in Sources */ = {isa = PBXBuildFile; fileRef = A780D5F92A2BB8B3002BA243 /* ToDoListitemViewViewModel.swift */; };
/* End PBXBuildFile section */

/* Begin PBXFileReference section */
		A72064132A2B9ECE00F10750 /* ToDoListApp.app */ = {isa = PBXFileReference; explicitFileType = wrapper.application; includeInIndex = 0; path = ToDoListApp.app; sourceTree = BUILT_PRODUCTS_DIR; };
		A72064162A2B9ECE00F10750 /* ToDoListAppApp.swift */ = {isa = PBXFileReference; lastKnownFileType = sourcecode.swift; path = ToDoListAppApp.swift; sourceTree = "<group>"; };
		A72064182A2B9ECE00F10750 /* MainView.swift */ = {isa = PBXFileReference; lastKnownFileType = sourcecode.swift; path = MainView.swift; sourceTree = "<group>"; };
		A720641A2A2B9ED000F10750 /* Assets.xcassets */ = {isa = PBXFileReference; lastKnownFileType = folder.assetcatalog; path = Assets.xcassets; sourceTree = "<group>"; };
		A720641D2A2B9ED000F10750 /* Preview Assets.xcassets */ = {isa = PBXFileReference; lastKnownFileType = folder.assetcatalog; path = "Preview Assets.xcassets"; sourceTree = "<group>"; };
		A72064242A2BAA7300F10750 /* GoogleService-Info.plist */ = {isa = PBXFileReference; fileEncoding = 4; lastKnownFileType = text.plist.xml; path = "GoogleService-Info.plist"; sourceTree = "<group>"; };
		A780D5DD2A2BB5BC002BA243 /* ProfileView.swift */ = {isa = PBXFileReference; lastKnownFileType = sourcecode.swift; path = ProfileView.swift; sourceTree = "<group>"; };
		A780D5DF2A2BB5DE002BA243 /* ToDoListitemView.swift */ = {isa = PBXFileReference; lastKnownFileType = sourcecode.swift; path = ToDoListitemView.swift; sourceTree = "<group>"; };
		A780D5E12A2BB5FE002BA243 /* NewItemView.swift */ = {isa = PBXFileReference; lastKnownFileType = sourcecode.swift; path = NewItemView.swift; sourceTree = "<group>"; };
		A780D5E32A2BB61C002BA243 /* LoginView.swift */ = {isa = PBXFileReference; lastKnownFileType = sourcecode.swift; path = LoginView.swift; sourceTree = "<group>"; };
		A780D5E52A2BB62C002BA243 /* RegisterView.swift */ = {isa = PBXFileReference; lastKnownFileType = sourcecode.swift; path = RegisterView.swift; sourceTree = "<group>"; };
		A780D5E72A2BB6A7002BA243 /* ToDoListView.swift */ = {isa = PBXFileReference; lastKnownFileType = sourcecode.swift; path = ToDoListView.swift; sourceTree = "<group>"; };
		A780D5E92A2BB704002BA243 /* User.swift */ = {isa = PBXFileReference; lastKnownFileType = sourcecode.swift; path = User.swift; sourceTree = "<group>"; };
		A780D5EB2A2BB71E002BA243 /* ToDoListItem.swift */ = {isa = PBXFileReference; lastKnownFileType = sourcecode.swift; path = ToDoListItem.swift; sourceTree = "<group>"; };
		A780D5ED2A2BB773002BA243 /* MainViewViewModel.swift */ = {isa = PBXFileReference; lastKnownFileType = sourcecode.swift; path = MainViewViewModel.swift; sourceTree = "<group>"; };
		A780D5EF2A2BB799002BA243 /* ProfileViewViewModel.swift */ = {isa = PBXFileReference; lastKnownFileType = sourcecode.swift; path = ProfileViewViewModel.swift; sourceTree = "<group>"; };
		A780D5F12A2BB808002BA243 /* ToDoListViewViewModel.swift */ = {isa = PBXFileReference; lastKnownFileType = sourcecode.swift; path = ToDoListViewViewModel.swift; sourceTree = "<group>"; };
		A780D5F32A2BB843002BA243 /* NewItemViewViewModel.swift */ = {isa = PBXFileReference; lastKnownFileType = sourcecode.swift; path = NewItemViewViewModel.swift; sourceTree = "<group>"; };
		A780D5F52A2BB855002BA243 /* LoginViewViewModel.swift */ = {isa = PBXFileReference; lastKnownFileType = sourcecode.swift; path = LoginViewViewModel.swift; sourceTree = "<group>"; };
		A780D5F72A2BB87E002BA243 /* RegisterViewViewModel.swift */ = {isa = PBXFileReference; lastKnownFileType = sourcecode.swift; path = RegisterViewViewModel.swift; sourceTree = "<group>"; };
		A780D5F92A2BB8B3002BA243 /* ToDoListitemViewViewModel.swift */ = {isa = PBXFileReference; lastKnownFileType = sourcecode.swift; path = ToDoListitemViewViewModel.swift; sourceTree = "<group>"; };
/* End PBXFileReference section */

/* Begin PBXFrameworksBuildPhase section */
		A72064102A2B9ECE00F10750 /* Frameworks */ = {
			isa = PBXFrameworksBuildPhase;
			buildActionMask = 2147483647;
			files = (
				A780D5D42A2BAE0A002BA243 /* FirebaseAuth in Frameworks */,
				A780D5D62A2BAE0A002BA243 /* FirebaseFirestore in Frameworks */,
				A780D5D82A2BAE0A002BA243 /* FirebaseFirestoreSwift in Frameworks */,
			);
			runOnlyForDeploymentPostprocessing = 0;
		};
/* End PBXFrameworksBuildPhase section */

/* Begin PBXGroup section */
		A720640A2A2B9ECE00F10750 = {
			isa = PBXGroup;
			children = (
				A72064152A2B9ECE00F10750 /* ToDoListApp */,
				A72064142A2B9ECE00F10750 /* Products */,
			);
			sourceTree = "<group>";
		};
		A72064142A2B9ECE00F10750 /* Products */ = {
			isa = PBXGroup;
			children = (
				A72064132A2B9ECE00F10750 /* ToDoListApp.app */,
			);
			name = Products;
			sourceTree = "<group>";
		};
		A72064152A2B9ECE00F10750 /* ToDoListApp */ = {
			isa = PBXGroup;
			children = (
				A780D5DC2A2BB3B8002BA243 /* Other */,
				A780D5DB2A2BB3A7002BA243 /* Models */,
				A780D5DA2A2BB362002BA243 /* ViewModels */,
				A780D5D92A2BB350002BA243 /* Views */,
				A720641C2A2B9ED000F10750 /* Preview Content */,
			);
			path = ToDoListApp;
			sourceTree = "<group>";
		};
		A720641C2A2B9ED000F10750 /* Preview Content */ = {
			isa = PBXGroup;
			children = (
				A720641D2A2B9ED000F10750 /* Preview Assets.xcassets */,
			);
			path = "Preview Content";
			sourceTree = "<group>";
		};
		A780D5D92A2BB350002BA243 /* Views */ = {
			isa = PBXGroup;
			children = (
				A72064182A2B9ECE00F10750 /* MainView.swift */,
				A780D5DD2A2BB5BC002BA243 /* ProfileView.swift */,
				A780D5DF2A2BB5DE002BA243 /* ToDoListitemView.swift */,
				A780D5E12A2BB5FE002BA243 /* NewItemView.swift */,
				A780D5E32A2BB61C002BA243 /* LoginView.swift */,
				A780D5E52A2BB62C002BA243 /* RegisterView.swift */,
				A780D5E72A2BB6A7002BA243 /* ToDoListView.swift */,
			);
			path = Views;
			sourceTree = "<group>";
		};
		A780D5DA2A2BB362002BA243 /* ViewModels */ = {
			isa = PBXGroup;
			children = (
				A780D5ED2A2BB773002BA243 /* MainViewViewModel.swift */,
				A780D5EF2A2BB799002BA243 /* ProfileViewViewModel.swift */,
				A780D5F12A2BB808002BA243 /* ToDoListViewViewModel.swift */,
				A780D5F32A2BB843002BA243 /* NewItemViewViewModel.swift */,
				A780D5F52A2BB855002BA243 /* LoginViewViewModel.swift */,
				A780D5F72A2BB87E002BA243 /* RegisterViewViewModel.swift */,
				A780D5F92A2BB8B3002BA243 /* ToDoListitemViewViewModel.swift */,
			);
			path = ViewModels;
			sourceTree = "<group>";
		};
		A780D5DB2A2BB3A7002BA243 /* Models */ = {
			isa = PBXGroup;
			children = (
				A780D5E92A2BB704002BA243 /* User.swift */,
				A780D5EB2A2BB71E002BA243 /* ToDoListItem.swift */,
			);
			path = Models;
			sourceTree = "<group>";
		};
		A780D5DC2A2BB3B8002BA243 /* Other */ = {
			isa = PBXGroup;
			children = (
				A720641A2A2B9ED000F10750 /* Assets.xcassets */,
				A72064162A2B9ECE00F10750 /* ToDoListAppApp.swift */,
				A72064242A2BAA7300F10750 /* GoogleService-Info.plist */,
			);
			path = Other;
			sourceTree = "<group>";
		};
/* End PBXGroup section */

/* Begin PBXNativeTarget section */
		A72064122A2B9ECE00F10750 /* ToDoListApp */ = {
			isa = PBXNativeTarget;
			buildConfigurationList = A72064212A2B9ED000F10750 /* Build configuration list for PBXNativeTarget "ToDoListApp" */;
			buildPhases = (
				A720640F2A2B9ECE00F10750 /* Sources */,
				A72064102A2B9ECE00F10750 /* Frameworks */,
				A72064112A2B9ECE00F10750 /* Resources */,
			);
			buildRules = (
			);
			dependencies = (
			);
			name = ToDoListApp;
			packageProductDependencies = (
				A780D5D32A2BAE0A002BA243 /* FirebaseAuth */,
				A780D5D52A2BAE0A002BA243 /* FirebaseFirestore */,
				A780D5D72A2BAE0A002BA243 /* FirebaseFirestoreSwift */,
			);
			productName = ToDoListApp;
			productReference = A72064132A2B9ECE00F10750 /* ToDoListApp.app */;
			productType = "com.apple.product-type.application";
		};
/* End PBXNativeTarget section */

/* Begin PBXProject section */
		A720640B2A2B9ECE00F10750 /* Project object */ = {
			isa = PBXProject;
			attributes = {
				BuildIndependentTargetsInParallel = 1;
				LastSwiftUpdateCheck = 1420;
				LastUpgradeCheck = 1420;
				TargetAttributes = {
					A72064122A2B9ECE00F10750 = {
						CreatedOnToolsVersion = 14.2;
					};
				};
			};
			buildConfigurationList = A720640E2A2B9ECE00F10750 /* Build configuration list for PBXProject "ToDoListApp" */;
			compatibilityVersion = "Xcode 14.0";
			developmentRegion = en;
			hasScannedForEncodings = 0;
			knownRegions = (
				en,
				Base,
			);
			mainGroup = A720640A2A2B9ECE00F10750;
			packageReferences = (
				A780D5D22A2BAE0A002BA243 /* XCRemoteSwiftPackageReference "firebase-ios-sdk" */,
			);
			productRefGroup = A72064142A2B9ECE00F10750 /* Products */;
			projectDirPath = "";
			projectRoot = "";
			targets = (
				A72064122A2B9ECE00F10750 /* ToDoListApp */,
			);
		};
/* End PBXProject section */

/* Begin PBXResourcesBuildPhase section */
		A72064112A2B9ECE00F10750 /* Resources */ = {
			isa = PBXResourcesBuildPhase;
			buildActionMask = 2147483647;
			files = (
				A720641E2A2B9ED000F10750 /* Preview Assets.xcassets in Resources */,
				A720641B2A2B9ED000F10750 /* Assets.xcassets in Resources */,
				A72064252A2BAA7300F10750 /* GoogleService-Info.plist in Resources */,
			);
			runOnlyForDeploymentPostprocessing = 0;
		};
/* End PBXResourcesBuildPhase section */

/* Begin PBXSourcesBuildPhase section */
		A720640F2A2B9ECE00F10750 /* Sources */ = {
			isa = PBXSourcesBuildPhase;
			buildActionMask = 2147483647;
			files = (
				A780D5E42A2BB61C002BA243 /* LoginView.swift in Sources */,
				A72064192A2B9ECE00F10750 /* MainView.swift in Sources */,
				A780D5F82A2BB87E002BA243 /* RegisterViewViewModel.swift in Sources */,
				A780D5EE2A2BB773002BA243 /* MainViewViewModel.swift in Sources */,
				A780D5E82A2BB6A7002BA243 /* ToDoListView.swift in Sources */,
				A780D5E02A2BB5DE002BA243 /* ToDoListitemView.swift in Sources */,
				A780D5F02A2BB799002BA243 /* ProfileViewViewModel.swift in Sources */,
				A780D5E62A2BB62C002BA243 /* RegisterView.swift in Sources */,
				A780D5EA2A2BB704002BA243 /* User.swift in Sources */,
				A780D5DE2A2BB5BC002BA243 /* ProfileView.swift in Sources */,
				A780D5F22A2BB808002BA243 /* ToDoListViewViewModel.swift in Sources */,
				A780D5F62A2BB855002BA243 /* LoginViewViewModel.swift in Sources */,
				A72064172A2B9ECE00F10750 /* ToDoListAppApp.swift in Sources */,
				A780D5FA2A2BB8B3002BA243 /* ToDoListitemViewViewModel.swift in Sources */,
				A780D5EC2A2BB71E002BA243 /* ToDoListItem.swift in Sources */,
				A780D5E22A2BB5FE002BA243 /* NewItemView.swift in Sources */,
				A780D5F42A2BB843002BA243 /* NewItemViewViewModel.swift in Sources */,
			);
			runOnlyForDeploymentPostprocessing = 0;
		};
/* End PBXSourcesBuildPhase section */

/* Begin XCBuildConfiguration section */
		A720641F2A2B9ED000F10750 /* Debug */ = {
			isa = XCBuildConfiguration;
			buildSettings = {
				ALWAYS_SEARCH_USER_PATHS = NO;
				CLANG_ANALYZER_NONNULL = YES;
				CLANG_ANALYZER_NUMBER_OBJECT_CONVERSION = YES_AGGRESSIVE;
				CLANG_CXX_LANGUAGE_STANDARD = "gnu++20";
				CLANG_ENABLE_MODULES = YES;
				CLANG_ENABLE_OBJC_ARC = YES;
				CLANG_ENABLE_OBJC_WEAK = YES;
				CLANG_WARN_BLOCK_CAPTURE_AUTORELEASING = YES;
				CLANG_WARN_BOOL_CONVERSION = YES;
				CLANG_WARN_COMMA = YES;
				CLANG_WARN_CONSTANT_CONVERSION = YES;
				CLANG_WARN_DEPRECATED_OBJC_IMPLEMENTATIONS = YES;
				CLANG_WARN_DIRECT_OBJC_ISA_USAGE = YES_ERROR;
				CLANG_WARN_DOCUMENTATION_COMMENTS = YES;
				CLANG_WARN_EMPTY_BODY = YES;
				CLANG_WARN_ENUM_CONVERSION = YES;
				CLANG_WARN_INFINITE_RECURSION = YES;
				CLANG_WARN_INT_CONVERSION = YES;
				CLANG_WARN_NON_LITERAL_NULL_CONVERSION = YES;
				CLANG_WARN_OBJC_IMPLICIT_RETAIN_SELF = YES;
				CLANG_WARN_OBJC_LITERAL_CONVERSION = YES;
				CLANG_WARN_OBJC_ROOT_CLASS = YES_ERROR;
				CLANG_WARN_QUOTED_INCLUDE_IN_FRAMEWORK_HEADER = YES;
				CLANG_WARN_RANGE_LOOP_ANALYSIS = YES;
				CLANG_WARN_STRICT_PROTOTYPES = YES;
				CLANG_WARN_SUSPICIOUS_MOVE = YES;
				CLANG_WARN_UNGUARDED_AVAILABILITY = YES_AGGRESSIVE;
				CLANG_WARN_UNREACHABLE_CODE = YES;
				CLANG_WARN__DUPLICATE_METHOD_MATCH = YES;
				COPY_PHASE_STRIP = NO;
				DEBUG_INFORMATION_FORMAT = dwarf;
				ENABLE_STRICT_OBJC_MSGSEND = YES;
				ENABLE_TESTABILITY = YES;
				GCC_C_LANGUAGE_STANDARD = gnu11;
				GCC_DYNAMIC_NO_PIC = NO;
				GCC_NO_COMMON_BLOCKS = YES;
				GCC_OPTIMIZATION_LEVEL = 0;
				GCC_PREPROCESSOR_DEFINITIONS = (
					"DEBUG=1",
					"$(inherited)",
				);
				GCC_WARN_64_TO_32_BIT_CONVERSION = YES;
				GCC_WARN_ABOUT_RETURN_TYPE = YES_ERROR;
				GCC_WARN_UNDECLARED_SELECTOR = YES;
				GCC_WARN_UNINITIALIZED_AUTOS = YES_AGGRESSIVE;
				GCC_WARN_UNUSED_FUNCTION = YES;
				GCC_WARN_UNUSED_VARIABLE = YES;
				IPHONEOS_DEPLOYMENT_TARGET = 16.2;
				MTL_ENABLE_DEBUG_INFO = INCLUDE_SOURCE;
				MTL_FAST_MATH = YES;
				ONLY_ACTIVE_ARCH = YES;
				SDKROOT = iphoneos;
				SWIFT_ACTIVE_COMPILATION_CONDITIONS = DEBUG;
				SWIFT_OPTIMIZATION_LEVEL = "-Onone";
			};
			name = Debug;
		};
		A72064202A2B9ED000F10750 /* Release */ = {
			isa = XCBuildConfiguration;
			buildSettings = {
				ALWAYS_SEARCH_USER_PATHS = NO;
				CLANG_ANALYZER_NONNULL = YES;
				CLANG_ANALYZER_NUMBER_OBJECT_CONVERSION = YES_AGGRESSIVE;
				CLANG_CXX_LANGUAGE_STANDARD = "gnu++20";
				CLANG_ENABLE_MODULES = YES;
				CLANG_ENABLE_OBJC_ARC = YES;
				CLANG_ENABLE_OBJC_WEAK = YES;
				CLANG_WARN_BLOCK_CAPTURE_AUTORELEASING = YES;
				CLANG_WARN_BOOL_CONVERSION = YES;
				CLANG_WARN_COMMA = YES;
				CLANG_WARN_CONSTANT_CONVERSION = YES;
				CLANG_WARN_DEPRECATED_OBJC_IMPLEMENTATIONS = YES;
				CLANG_WARN_DIRECT_OBJC_ISA_USAGE = YES_ERROR;
				CLANG_WARN_DOCUMENTATION_COMMENTS = YES;
				CLANG_WARN_EMPTY_BODY = YES;
				CLANG_WARN_ENUM_CONVERSION = YES;
				CLANG_WARN_INFINITE_RECURSION = YES;
				CLANG_WARN_INT_CONVERSION = YES;
				CLANG_WARN_NON_LITERAL_NULL_CONVERSION = YES;
				CLANG_WARN_OBJC_IMPLICIT_RETAIN_SELF = YES;
				CLANG_WARN_OBJC_LITERAL_CONVERSION = YES;
				CLANG_WARN_OBJC_ROOT_CLASS = YES_ERROR;
				CLANG_WARN_QUOTED_INCLUDE_IN_FRAMEWORK_HEADER = YES;
				CLANG_WARN_RANGE_LOOP_ANALYSIS = YES;
				CLANG_WARN_STRICT_PROTOTYPES = YES;
				CLANG_WARN_SUSPICIOUS_MOVE = YES;
				CLANG_WARN_UNGUARDED_AVAILABILITY = YES_AGGRESSIVE;
				CLANG_WARN_UNREACHABLE_CODE = YES;
				CLANG_WARN__DUPLICATE_METHOD_MATCH = YES;
				COPY_PHASE_STRIP = NO;
				DEBUG_INFORMATION_FORMAT = "dwarf-with-dsym";
				ENABLE_NS_ASSERTIONS = NO;
				ENABLE_STRICT_OBJC_MSGSEND = YES;
				GCC_C_LANGUAGE_STANDARD = gnu11;
				GCC_NO_COMMON_BLOCKS = YES;
				GCC_WARN_64_TO_32_BIT_CONVERSION = YES;
				GCC_WARN_ABOUT_RETURN_TYPE = YES_ERROR;
				GCC_WARN_UNDECLARED_SELECTOR = YES;
				GCC_WARN_UNINITIALIZED_AUTOS = YES_AGGRESSIVE;
				GCC_WARN_UNUSED_FUNCTION = YES;
				GCC_WARN_UNUSED_VARIABLE = YES;
				IPHONEOS_DEPLOYMENT_TARGET = 16.2;
				MTL_ENABLE_DEBUG_INFO = NO;
				MTL_FAST_MATH = YES;
				SDKROOT = iphoneos;
				SWIFT_COMPILATION_MODE = wholemodule;
				SWIFT_OPTIMIZATION_LEVEL = "-O";
				VALIDATE_PRODUCT = YES;
			};
			name = Release;
		};
		A72064222A2B9ED000F10750 /* Debug */ = {
			isa = XCBuildConfiguration;
			buildSettings = {
				ASSETCATALOG_COMPILER_APPICON_NAME = AppIcon;
				ASSETCATALOG_COMPILER_GLOBAL_ACCENT_COLOR_NAME = AccentColor;
				CODE_SIGN_STYLE = Automatic;
				CURRENT_PROJECT_VERSION = 1;
				DEVELOPMENT_ASSET_PATHS = "\"ToDoListApp/Preview Content\"";
				ENABLE_PREVIEWS = YES;
				GENERATE_INFOPLIST_FILE = YES;
				INFOPLIST_KEY_UIApplicationSceneManifest_Generation = YES;
				INFOPLIST_KEY_UIApplicationSupportsIndirectInputEvents = YES;
				INFOPLIST_KEY_UILaunchScreen_Generation = YES;
				INFOPLIST_KEY_UISupportedInterfaceOrientations_iPad = "UIInterfaceOrientationPortrait UIInterfaceOrientationPortraitUpsideDown UIInterfaceOrientationLandscapeLeft UIInterfaceOrientationLandscapeRight";
				INFOPLIST_KEY_UISupportedInterfaceOrientations_iPhone = "UIInterfaceOrientationPortrait UIInterfaceOrientationLandscapeLeft UIInterfaceOrientationLandscapeRight";
				LD_RUNPATH_SEARCH_PATHS = (
					"$(inherited)",
					"@executable_path/Frameworks",
				);
				MARKETING_VERSION = 1.0;
				PRODUCT_BUNDLE_IDENTIFIER = com.test.ToDoListApp;
				PRODUCT_NAME = "$(TARGET_NAME)";
				SWIFT_EMIT_LOC_STRINGS = YES;
				SWIFT_VERSION = 5.0;
				TARGETED_DEVICE_FAMILY = "1,2";
			};
			name = Debug;
		};
		A72064232A2B9ED000F10750 /* Release */ = {
			isa = XCBuildConfiguration;
			buildSettings = {
				ASSETCATALOG_COMPILER_APPICON_NAME = AppIcon;
				ASSETCATALOG_COMPILER_GLOBAL_ACCENT_COLOR_NAME = AccentColor;
				CODE_SIGN_STYLE = Automatic;
				CURRENT_PROJECT_VERSION = 1;
				DEVELOPMENT_ASSET_PATHS = "\"ToDoListApp/Preview Content\"";
				ENABLE_PREVIEWS = YES;
				GENERATE_INFOPLIST_FILE = YES;
				INFOPLIST_KEY_UIApplicationSceneManifest_Generation = YES;
				INFOPLIST_KEY_UIApplicationSupportsIndirectInputEvents = YES;
				INFOPLIST_KEY_UILaunchScreen_Generation = YES;
				INFOPLIST_KEY_UISupportedInterfaceOrientations_iPad = "UIInterfaceOrientationPortrait UIInterfaceOrientationPortraitUpsideDown UIInterfaceOrientationLandscapeLeft UIInterfaceOrientationLandscapeRight";
				INFOPLIST_KEY_UISupportedInterfaceOrientations_iPhone = "UIInterfaceOrientationPortrait UIInterfaceOrientationLandscapeLeft UIInterfaceOrientationLandscapeRight";
				LD_RUNPATH_SEARCH_PATHS = (
					"$(inherited)",
					"@executable_path/Frameworks",
				);
				MARKETING_VERSION = 1.0;
				PRODUCT_BUNDLE_IDENTIFIER = com.test.ToDoListApp;
				PRODUCT_NAME = "$(TARGET_NAME)";
				SWIFT_EMIT_LOC_STRINGS = YES;
				SWIFT_VERSION = 5.0;
				TARGETED_DEVICE_FAMILY = "1,2";
			};
			name = Release;
		};
/* End XCBuildConfiguration section */

/* Begin XCConfigurationList section */
		A720640E2A2B9ECE00F10750 /* Build configuration list for PBXProject "ToDoListApp" */ = {
			isa = XCConfigurationList;
			buildConfigurations = (
				A720641F2A2B9ED000F10750 /* Debug */,
				A72064202A2B9ED000F10750 /* Release */,
			);
			defaultConfigurationIsVisible = 0;
			defaultConfigurationName = Release;
		};
		A72064212A2B9ED000F10750 /* Build configuration list for PBXNativeTarget "ToDoListApp" */ = {
			isa = XCConfigurationList;
			buildConfigurations = (
				A72064222A2B9ED000F10750 /* Debug */,
				A72064232A2B9ED000F10750 /* Release */,
			);
			defaultConfigurationIsVisible = 0;
			defaultConfigurationName = Release;
		};
/* End XCConfigurationList section */

/* Begin XCRemoteSwiftPackageReference section */
		A780D5D22A2BAE0A002BA243 /* XCRemoteSwiftPackageReference "firebase-ios-sdk" */ = {
			isa = XCRemoteSwiftPackageReference;
			repositoryURL = "https://github.com/firebase/firebase-ios-sdk";
			requirement = {
				kind = upToNextMajorVersion;
				minimumVersion = 9.0.0;
			};
		};
/* End XCRemoteSwiftPackageReference section */

/* Begin XCSwiftPackageProductDependency section */
		A780D5D32A2BAE0A002BA243 /* FirebaseAuth */ = {
			isa = XCSwiftPackageProductDependency;
			package = A780D5D22A2BAE0A002BA243 /* XCRemoteSwiftPackageReference "firebase-ios-sdk" */;
			productName = FirebaseAuth;
		};
		A780D5D52A2BAE0A002BA243 /* FirebaseFirestore */ = {
			isa = XCSwiftPackageProductDependency;
			package = A780D5D22A2BAE0A002BA243 /* XCRemoteSwiftPackageReference "firebase-ios-sdk" */;
			productName = FirebaseFirestore;
		};
		A780D5D72A2BAE0A002BA243 /* FirebaseFirestoreSwift */ = {
			isa = XCSwiftPackageProductDependency;
			package = A780D5D22A2BAE0A002BA243 /* XCRemoteSwiftPackageReference "firebase-ios-sdk" */;
			productName = FirebaseFirestoreSwift;
		};
/* End XCSwiftPackageProductDependency section */
	};
	rootObject = A720640B2A2B9ECE00F10750 /* Project object */;
}
